// !$*UTF8*$!
{
 archiveVersion = 1; classes = {}; objectVersion = 56;
 objects = {
 A00000000000000000000001 = {isa = PBXProject; attributes = {LastUpgradeCheck = 1600; TargetAttributes = {A00000000000000000000002 = {CreatedOnToolsVersion = 16.0; SystemCapabilities = {com.apple.HealthKit = {enabled = 1;};};};};}; buildConfigurationList = A00000000000000000000010; compatibilityVersion = "Xcode 14.0"; developmentRegion = en; knownRegions = (en, Base); mainGroup = A00000000000000000000003; productRefGroup = A00000000000000000000004; projectDirPath = ""; projectRoot = ""; targets = (A00000000000000000000002);};
 A00000000000000000000002 = {isa = PBXNativeTarget; buildConfigurationList = A00000000000000000000011; buildPhases = (A00000000000000000000005,A00000000000000000000006,A00000000000000000000007); buildRules = (); dependencies = (); name = PulseSenseHealth; productName = PulseSenseHealth; productReference = A00000000000000000000008; productType = "com.apple.product-type.application";};
 A00000000000000000000003 = {isa = PBXGroup; children = (A00000000000000000000009,A00000000000000000000014,A00000000000000000000015,A00000000000000000000004); sourceTree = "<group>";};
 A00000000000000000000004 = {isa = PBXGroup; children = (A00000000000000000000008); name = Products; sourceTree = "<group>";};
 A00000000000000000000005 = {isa = PBXSourcesBuildPhase; buildActionMask = 2147483647; files = (A0000000000000000000000A); runOnlyForDeploymentPostprocessing = 0;};
 A00000000000000000000006 = {isa = PBXFrameworksBuildPhase; buildActionMask = 2147483647; files = (); runOnlyForDeploymentPostprocessing = 0;};
 A00000000000000000000007 = {isa = PBXResourcesBuildPhase; buildActionMask = 2147483647; files = (); runOnlyForDeploymentPostprocessing = 0;};
 A00000000000000000000008 = {isa = PBXFileReference; explicitFileType = wrapper.application; includeInIndex = 0; path = PulseSenseHealth.app; sourceTree = BUILT_PRODUCTS_DIR;};
 A00000000000000000000009 = {isa = PBXFileReference; lastKnownFileType = sourcecode.swift; path = PulseSenseHealth.swift; sourceTree = "<group>";};
 A0000000000000000000000A = {isa = PBXBuildFile; fileRef = A00000000000000000000009;};
 A00000000000000000000014 = {isa = PBXFileReference; lastKnownFileType = text.plist.xml; path = Info.plist; sourceTree = "<group>";};
 A00000000000000000000015 = {isa = PBXFileReference; lastKnownFileType = text.plist.entitlements; path = PulseSenseHealth.entitlements; sourceTree = "<group>";};
 A00000000000000000000010 = {isa = XCConfigurationList; buildConfigurations = (A00000000000000000000012,A00000000000000000000013); defaultConfigurationIsVisible = 0; defaultConfigurationName = Release;};
 A00000000000000000000011 = {isa = XCConfigurationList; buildConfigurations = (A00000000000000000000016,A00000000000000000000017); defaultConfigurationIsVisible = 0; defaultConfigurationName = Release;};
 A00000000000000000000012 = {isa = XCBuildConfiguration; buildSettings = {SDKROOT = iphoneos; IPHONEOS_DEPLOYMENT_TARGET = 17.0; SWIFT_VERSION = 5.0; CLANG_ENABLE_MODULES = YES; DEBUG_INFORMATION_FORMAT = dwarf; SWIFT_OPTIMIZATION_LEVEL = "-Onone";}; name = Debug;};
 A00000000000000000000013 = {isa = XCBuildConfiguration; buildSettings = {SDKROOT = iphoneos; IPHONEOS_DEPLOYMENT_TARGET = 17.0; SWIFT_VERSION = 5.0; CLANG_ENABLE_MODULES = YES; DEBUG_INFORMATION_FORMAT = "dwarf-with-dsym"; SWIFT_OPTIMIZATION_LEVEL = "-O";}; name = Release;};
 A00000000000000000000016 = {isa = XCBuildConfiguration; buildSettings = {CODE_SIGN_STYLE = Automatic; CODE_SIGN_ENTITLEMENTS = PulseSenseHealth.entitlements; GENERATE_INFOPLIST_FILE = NO; INFOPLIST_FILE = Info.plist; PRODUCT_BUNDLE_IDENTIFIER = com.example.PulseSenseHealth; PRODUCT_NAME = "$(TARGET_NAME)"; TARGETED_DEVICE_FAMILY = 1; SUPPORTED_PLATFORMS = "iphoneos iphonesimulator"; SWIFT_EMIT_LOC_STRINGS = YES;}; name = Debug;};
 A00000000000000000000017 = {isa = XCBuildConfiguration; buildSettings = {CODE_SIGN_STYLE = Automatic; CODE_SIGN_ENTITLEMENTS = PulseSenseHealth.entitlements; GENERATE_INFOPLIST_FILE = NO; INFOPLIST_FILE = Info.plist; PRODUCT_BUNDLE_IDENTIFIER = com.example.PulseSenseHealth; PRODUCT_NAME = "$(TARGET_NAME)"; TARGETED_DEVICE_FAMILY = 1; SUPPORTED_PLATFORMS = "iphoneos iphonesimulator"; SWIFT_EMIT_LOC_STRINGS = YES;}; name = Release;};
 }; rootObject = A00000000000000000000001;
}
